// !$*UTF8*$!
{
	archiveVersion = 1;
	classes = {
	};
	objectVersion = 46;
	objects = {

/* Begin PBXBuildFile section */
		948C87E11C9FD1D5006EB17A /* VIMusicModel.m in Sources */ = {isa = PBXBuildFile; fileRef = 948C87E01C9FD1D5006EB17A /* VIMusicModel.m */; };
		948C87E41C9FD791006EB17A /* VIMusicListController.m in Sources */ = {isa = PBXBuildFile; fileRef = 948C87E31C9FD791006EB17A /* VIMusicListController.m */; };
		949012211C9F7C0200253715 /* VIMusicPlayerController.m in Sources */ = {isa = PBXBuildFile; fileRef = 949012201C9F7C0200253715 /* VIMusicPlayerController.m */; };
		949013231C9F7F5700253715 /* chenyixun.jpg in Resources */ = {isa = PBXBuildFile; fileRef = 949012FF1C9F7F5700253715 /* chenyixun.jpg */; };
		949013311C9F7F5700253715 /* playing_btn_next_h@2x.png in Resources */ = {isa = PBXBuildFile; fileRef = 9490130D1C9F7F5700253715 /* playing_btn_next_h@2x.png */; };
		949013321C9F7F5700253715 /* playing_btn_next_n@2x.png in Resources */ = {isa = PBXBuildFile; fileRef = 9490130E1C9F7F5700253715 /* playing_btn_next_n@2x.png */; };
		949013331C9F7F5700253715 /* playing_btn_pause_h@2x.png in Resources */ = {isa = PBXBuildFile; fileRef = 9490130F1C9F7F5700253715 /* playing_btn_pause_h@2x.png */; };
		949013341C9F7F5700253715 /* playing_btn_pause_n@2x.png in Resources */ = {isa = PBXBuildFile; fileRef = 949013101C9F7F5700253715 /* playing_btn_pause_n@2x.png */; };
		949013351C9F7F5700253715 /* playing_btn_play_h@2x.png in Resources */ = {isa = PBXBuildFile; fileRef = 949013111C9F7F5700253715 /* playing_btn_play_h@2x.png */; };
		949013361C9F7F5700253715 /* playing_btn_play_n@2x.png in Resources */ = {isa = PBXBuildFile; fileRef = 949013121C9F7F5700253715 /* playing_btn_play_n@2x.png */; };
		949013371C9F7F5700253715 /* playing_btn_pre_h@2x.png in Resources */ = {isa = PBXBuildFile; fileRef = 949013131C9F7F5700253715 /* playing_btn_pre_h@2x.png */; };
		949013381C9F7F5700253715 /* playing_btn_pre_n@2x.png in Resources */ = {isa = PBXBuildFile; fileRef = 949013141C9F7F5700253715 /* playing_btn_pre_n@2x.png */; };
		9490133B1C9F7F5700253715 /* playing_slider_play_left@2x.png in Resources */ = {isa = PBXBuildFile; fileRef = 949013171C9F7F5700253715 /* playing_slider_play_left@2x.png */; };
		9490133C1C9F7F5700253715 /* playing_slider_play_right@2x.png in Resources */ = {isa = PBXBuildFile; fileRef = 949013181C9F7F5700253715 /* playing_slider_play_right@2x.png */; };
		9490133D1C9F7F5700253715 /* playing_slider_thumb@2x.png in Resources */ = {isa = PBXBuildFile; fileRef = 949013191C9F7F5700253715 /* playing_slider_thumb@2x.png */; };
		9490133F1C9F7F5700253715 /* wanglihong.jpg in Resources */ = {isa = PBXBuildFile; fileRef = 9490131B1C9F7F5700253715 /* wanglihong.jpg */; };
		949013401C9F7F5700253715 /* yanzi.jpg in Resources */ = {isa = PBXBuildFile; fileRef = 9490131C1C9F7F5700253715 /* yanzi.jpg */; };
		949013411C9F7F5700253715 /* joy.jpg in Resources */ = {isa = PBXBuildFile; fileRef = 9490131D1C9F7F5700253715 /* joy.jpg */; };
		949013421C9F7F5700253715 /* music.plist in Resources */ = {isa = PBXBuildFile; fileRef = 9490131E1C9F7F5700253715 /* music.plist */; };
		949013431C9F7F5700253715 /* 你不知道的事.mp3 in Resources */ = {isa = PBXBuildFile; fileRef = 9490131F1C9F7F5700253715 /* 你不知道的事.mp3 */; };
		949013441C9F7F5700253715 /* 你给我听好.mp3 in Resources */ = {isa = PBXBuildFile; fileRef = 949013201C9F7F5700253715 /* 你给我听好.mp3 */; };
		949013451C9F7F5700253715 /* 安静.mp3 in Resources */ = {isa = PBXBuildFile; fileRef = 949013211C9F7F5700253715 /* 安静.mp3 */; };
		949013461C9F7F5700253715 /* 遇见.mp3 in Resources */ = {isa = PBXBuildFile; fileRef = 949013221C9F7F5700253715 /* 遇见.mp3 */; };
		94CE0D781C985ED40065D966 /* VIMyCarsController.m in Sources */ = {isa = PBXBuildFile; fileRef = 94CE0D731C985ED40065D966 /* VIMyCarsController.m */; };
		94CE0D791C985ED40065D966 /* VIPeccancyInfotmation.m in Sources */ = {isa = PBXBuildFile; fileRef = 94CE0D751C985ED40065D966 /* VIPeccancyInfotmation.m */; };
		94CE0D7A1C985ED40065D966 /* VIPersonalController.m in Sources */ = {isa = PBXBuildFile; fileRef = 94CE0D771C985ED40065D966 /* VIPersonalController.m */; };
		94CE0D7E1C985EDA0065D966 /* CarInfo.plist in Resources */ = {isa = PBXBuildFile; fileRef = 94CE0D7B1C985EDA0065D966 /* CarInfo.plist */; };
		94CE0D7F1C985EDA0065D966 /* VICarInfoModel.m in Sources */ = {isa = PBXBuildFile; fileRef = 94CE0D7D1C985EDA0065D966 /* VICarInfoModel.m */; };
		94EF6E1F1CA3918700082474 /* VIHomeMapController.mm in Sources */ = {isa = PBXBuildFile; fileRef = 94EF6E1E1CA3918700082474 /* VIHomeMapController.mm */; };
		F30F7E931C950C8D0081A41E /* mapapi.bundle in Resources */ = {isa = PBXBuildFile; fileRef = F30F7E921C950C8D0081A41E /* mapapi.bundle */; };
		F30F7F001C97A8B20081A41E /* AVOSCloud.framework in Frameworks */ = {isa = PBXBuildFile; fileRef = F30F7EFF1C97A8B20081A41E /* AVOSCloud.framework */; settings = {ATTRIBUTES = (Required, ); }; };
		F32FD8F31C97AA9800804053 /* AVOSCloud.framework in CopyFiles */ = {isa = PBXBuildFile; fileRef = F30F7EFF1C97A8B20081A41E /* AVOSCloud.framework */; settings = {ATTRIBUTES = (CodeSignOnCopy, RemoveHeadersOnCopy, ); }; };
		F32FD8F51C97B3F800804053 /* libstdc++.6.0.9.tbd in Frameworks */ = {isa = PBXBuildFile; fileRef = F32FD8F41C97B3F800804053 /* libstdc++.6.0.9.tbd */; };
		F32FD8F71C97B40500804053 /* CoreTelephony.framework in Frameworks */ = {isa = PBXBuildFile; fileRef = F32FD8F61C97B40500804053 /* CoreTelephony.framework */; };
		F32FD8F91C97B41A00804053 /* Security.framework in Frameworks */ = {isa = PBXBuildFile; fileRef = F32FD8F81C97B41A00804053 /* Security.framework */; };
		F32FD8FB1C97B42800804053 /* SystemConfiguration.framework in Frameworks */ = {isa = PBXBuildFile; fileRef = F32FD8FA1C97B42800804053 /* SystemConfiguration.framework */; };
		F32FD9141C97CA2300804053 /* UIImage+ImageEffects.m in Sources */ = {isa = PBXBuildFile; fileRef = F32FD90F1C97CA2300804053 /* UIImage+ImageEffects.m */; };
		F32FD9151C97CA2300804053 /* UIView+JMPosition.m in Sources */ = {isa = PBXBuildFile; fileRef = F32FD9111C97CA2300804053 /* UIView+JMPosition.m */; };
		F32FD9161C97CA2300804053 /* UIView+JMTool.m in Sources */ = {isa = PBXBuildFile; fileRef = F32FD9131C97CA2300804053 /* UIView+JMTool.m */; };
		F32FD9241C97F70900804053 /* LQXSwitch.m in Sources */ = {isa = PBXBuildFile; fileRef = F32FD9231C97F70900804053 /* LQXSwitch.m */; };
		F32FD9281C9A895000804053 /* HomeNavBarCityItem.m in Sources */ = {isa = PBXBuildFile; fileRef = F32FD9261C9A895000804053 /* HomeNavBarCityItem.m */; };
		F32FD9291C9A895000804053 /* HomeNavBarCityItem.xib in Resources */ = {isa = PBXBuildFile; fileRef = F32FD9271C9A895000804053 /* HomeNavBarCityItem.xib */; };
		F32FD9331C9C108100804053 /* VIMapPoiSearch.m in Sources */ = {isa = PBXBuildFile; fileRef = F32FD9321C9C108100804053 /* VIMapPoiSearch.m */; };
		F32FD9361C9C1E3C00804053 /* VISearchSiteTextField.m in Sources */ = {isa = PBXBuildFile; fileRef = F32FD9351C9C1E3C00804053 /* VISearchSiteTextField.m */; };
		F3859E7C1CA58A8B0054D309 /* VIAppointmentController.m in Sources */ = {isa = PBXBuildFile; fileRef = F3859E7B1CA58A8B0054D309 /* VIAppointmentController.m */; };
		F3859E7F1CA58E140054D309 /* VIAppointmentComposeController.m in Sources */ = {isa = PBXBuildFile; fileRef = F3859E7E1CA58E140054D309 /* VIAppointmentComposeController.m */; };
		F39F9D061C950AB7001B8D69 /* CoreLocation.framework in Frameworks */ = {isa = PBXBuildFile; fileRef = F39F9D051C950AB7001B8D69 /* CoreLocation.framework */; };
		F39F9D081C950AC3001B8D69 /* QuartzCore.framework in Frameworks */ = {isa = PBXBuildFile; fileRef = F39F9D071C950AC3001B8D69 /* QuartzCore.framework */; };
		F39F9D0A1C950ACD001B8D69 /* OpenGLES.framework in Frameworks */ = {isa = PBXBuildFile; fileRef = F39F9D091C950ACD001B8D69 /* OpenGLES.framework */; };
		F39F9D0C1C950AD8001B8D69 /* libsqlite3.0.tbd in Frameworks */ = {isa = PBXBuildFile; fileRef = F39F9D0B1C950AD8001B8D69 /* libsqlite3.0.tbd */; };
		F3DA65461CA373CE00E26AE4 /* VIAppointmentModel.m in Sources */ = {isa = PBXBuildFile; fileRef = F3DA65451CA373CE00E26AE4 /* VIAppointmentModel.m */; };
		F3E447E41CB12608006B62E1 /* UUDatePicker.m in Sources */ = {isa = PBXBuildFile; fileRef = F3E447E11CB12608006B62E1 /* UUDatePicker.m */; };
		F3E447E51CB12608006B62E1 /* UUDatePicker_DateModel.m in Sources */ = {isa = PBXBuildFile; fileRef = F3E447E31CB12608006B62E1 /* UUDatePicker_DateModel.m */; };
		F3E447EA1CB16BA6006B62E1 /* VIAppointmentCell.m in Sources */ = {isa = PBXBuildFile; fileRef = F3E447E81CB16BA6006B62E1 /* VIAppointmentCell.m */; };
		F3E447EB1CB16BA6006B62E1 /* VIAppointmentCell.xib in Resources */ = {isa = PBXBuildFile; fileRef = F3E447E91CB16BA6006B62E1 /* VIAppointmentCell.xib */; };
		F3E447EE1CB20F8C006B62E1 /* VIEwmController.m in Sources */ = {isa = PBXBuildFile; fileRef = F3E447ED1CB20F8C006B62E1 /* VIEwmController.m */; };
		F3E447F51CB21F46006B62E1 /* UIImage+QRCode.m in Sources */ = {isa = PBXBuildFile; fileRef = F3E447F41CB21F46006B62E1 /* UIImage+QRCode.m */; };
		F3E447F71CB21F93006B62E1 /* 海绵宝宝.jpeg in Resources */ = {isa = PBXBuildFile; fileRef = F3E447F61CB21F93006B62E1 /* 海绵宝宝.jpeg */; };
		F3E447FA1CB222E2006B62E1 /* VIEwmScanController.m in Sources */ = {isa = PBXBuildFile; fileRef = F3E447F91CB222E2006B62E1 /* VIEwmScanController.m */; };
		F3E447FE1CB22357006B62E1 /* SHBQRView.m in Sources */ = {isa = PBXBuildFile; fileRef = F3E447FD1CB22357006B62E1 /* SHBQRView.m */; };
		F3E448031CB224F6006B62E1 /* noticeMusic.wav in Resources */ = {isa = PBXBuildFile; fileRef = F3E447FF1CB224F6006B62E1 /* noticeMusic.wav */; };
		F3E448041CB224F6006B62E1 /* scanLine@2x.png in Resources */ = {isa = PBXBuildFile; fileRef = F3E448001CB224F6006B62E1 /* scanLine@2x.png */; };
		F3E448051CB224F6006B62E1 /* scanLine@3x.png in Resources */ = {isa = PBXBuildFile; fileRef = F3E448011CB224F6006B62E1 /* scanLine@3x.png */; };
		F3E448061CB224F6006B62E1 /* scanscanBg.png in Resources */ = {isa = PBXBuildFile; fileRef = F3E448021CB224F6006B62E1 /* scanscanBg.png */; };
		F3E4480D1CB29321006B62E1 /* JMLogInController.m in Sources */ = {isa = PBXBuildFile; fileRef = F3E448081CB29321006B62E1 /* JMLogInController.m */; };
		F3E4480E1CB29321006B62E1 /* JMLogInController.xib in Resources */ = {isa = PBXBuildFile; fileRef = F3E448091CB29321006B62E1 /* JMLogInController.xib */; };
		F3E4480F1CB29321006B62E1 /* JMRegisterController.m in Sources */ = {isa = PBXBuildFile; fileRef = F3E4480B1CB29321006B62E1 /* JMRegisterController.m */; };
		F3E448101CB29321006B62E1 /* JMRegisterController.xib in Resources */ = {isa = PBXBuildFile; fileRef = F3E4480C1CB29321006B62E1 /* JMRegisterController.xib */; };
		F3E448131CB29387006B62E1 /* VIUserModel.m in Sources */ = {isa = PBXBuildFile; fileRef = F3E448121CB29387006B62E1 /* VIUserModel.m */; };
		F3F0B2B31C95099F00989506 /* main.m in Sources */ = {isa = PBXBuildFile; fileRef = F3F0B2B21C95099F00989506 /* main.m */; };
		F3F0B2B61C95099F00989506 /* AppDelegate.mm in Sources */ = {isa = PBXBuildFile; fileRef = F3F0B2B51C95099F00989506 /* AppDelegate.mm */; };
		F3F0B2BC1C95099F00989506 /* Main.storyboard in Resources */ = {isa = PBXBuildFile; fileRef = F3F0B2BA1C95099F00989506 /* Main.storyboard */; };
		F3F0B2BE1C95099F00989506 /* Assets.xcassets in Resources */ = {isa = PBXBuildFile; fileRef = F3F0B2BD1C95099F00989506 /* Assets.xcassets */; };
		F3F0B2C11C95099F00989506 /* LaunchScreen.storyboard in Resources */ = {isa = PBXBuildFile; fileRef = F3F0B2BF1C95099F00989506 /* LaunchScreen.storyboard */; };
		F3F0B2CC1C9509A000989506 /* VehicleInternetTests.m in Sources */ = {isa = PBXBuildFile; fileRef = F3F0B2CB1C9509A000989506 /* VehicleInternetTests.m */; };
		F3F0B2D71C9509A000989506 /* VehicleInternetUITests.m in Sources */ = {isa = PBXBuildFile; fileRef = F3F0B2D61C9509A000989506 /* VehicleInternetUITests.m */; };
		F3F0B2F01C9509ED00989506 /* BaiduMapAPI_Base.framework in Frameworks */ = {isa = PBXBuildFile; fileRef = F3F0B2E81C9509ED00989506 /* BaiduMapAPI_Base.framework */; };
		F3F0B2F11C9509ED00989506 /* BaiduMapAPI_Cloud.framework in Frameworks */ = {isa = PBXBuildFile; fileRef = F3F0B2E91C9509ED00989506 /* BaiduMapAPI_Cloud.framework */; };
		F3F0B2F21C9509ED00989506 /* BaiduMapAPI_Location.framework in Frameworks */ = {isa = PBXBuildFile; fileRef = F3F0B2EA1C9509ED00989506 /* BaiduMapAPI_Location.framework */; };
		F3F0B2F31C9509ED00989506 /* BaiduMapAPI_Map.framework in Frameworks */ = {isa = PBXBuildFile; fileRef = F3F0B2EB1C9509ED00989506 /* BaiduMapAPI_Map.framework */; };
		F3F0B2F41C9509ED00989506 /* BaiduMapAPI_Radar.framework in Frameworks */ = {isa = PBXBuildFile; fileRef = F3F0B2EC1C9509ED00989506 /* BaiduMapAPI_Radar.framework */; };
		F3F0B2F51C9509ED00989506 /* BaiduMapAPI_Search.framework in Frameworks */ = {isa = PBXBuildFile; fileRef = F3F0B2ED1C9509ED00989506 /* BaiduMapAPI_Search.framework */; };
		F3F0B2F61C9509ED00989506 /* BaiduMapAPI_Utils.framework in Frameworks */ = {isa = PBXBuildFile; fileRef = F3F0B2EE1C9509ED00989506 /* BaiduMapAPI_Utils.framework */; };
/* End PBXBuildFile section */

/* Begin PBXContainerItemProxy section */
		F3F0B2C81C9509A000989506 /* PBXContainerItemProxy */ = {
			isa = PBXContainerItemProxy;
			containerPortal = F3F0B2A61C95099F00989506 /* Project object */;
			proxyType = 1;
			remoteGlobalIDString = F3F0B2AD1C95099F00989506;
			remoteInfo = VehicleInternet;
		};
		F3F0B2D31C9509A000989506 /* PBXContainerItemProxy */ = {
			isa = PBXContainerItemProxy;
			containerPortal = F3F0B2A61C95099F00989506 /* Project object */;
			proxyType = 1;
			remoteGlobalIDString = F3F0B2AD1C95099F00989506;
			remoteInfo = VehicleInternet;
		};
/* End PBXContainerItemProxy section */

/* Begin PBXCopyFilesBuildPhase section */
		F32FD8F21C97AA8400804053 /* CopyFiles */ = {
			isa = PBXCopyFilesBuildPhase;
			buildActionMask = 2147483647;
			dstPath = "";
			dstSubfolderSpec = 10;
			files = (
				F32FD8F31C97AA9800804053 /* AVOSCloud.framework in CopyFiles */,
			);
			runOnlyForDeploymentPostprocessing = 0;
		};
/* End PBXCopyFilesBuildPhase section */

/* Begin PBXFileReference section */
		948C87DF1C9FD1D5006EB17A /* VIMusicModel.h */ = {isa = PBXFileReference; fileEncoding = 4; lastKnownFileType = sourcecode.c.h; path = VIMusicModel.h; sourceTree = "<group>"; };
		948C87E01C9FD1D5006EB17A /* VIMusicModel.m */ = {isa = PBXFileReference; fileEncoding = 4; lastKnownFileType = sourcecode.c.objc; path = VIMusicModel.m; sourceTree = "<group>"; };
		948C87E21C9FD791006EB17A /* VIMusicListController.h */ = {isa = PBXFileReference; fileEncoding = 4; lastKnownFileType = sourcecode.c.h; path = VIMusicListController.h; sourceTree = "<group>"; };
		948C87E31C9FD791006EB17A /* VIMusicListController.m */ = {isa = PBXFileReference; fileEncoding = 4; lastKnownFileType = sourcecode.c.objc; path = VIMusicListController.m; sourceTree = "<group>"; };
		9490121F1C9F7C0200253715 /* VIMusicPlayerController.h */ = {isa = PBXFileReference; fileEncoding = 4; lastKnownFileType = sourcecode.c.h; path = VIMusicPlayerController.h; sourceTree = "<group>"; };
		949012201C9F7C0200253715 /* VIMusicPlayerController.m */ = {isa = PBXFileReference; fileEncoding = 4; lastKnownFileType = sourcecode.c.objc; path = VIMusicPlayerController.m; sourceTree = "<group>"; };
		949012FF1C9F7F5700253715 /* chenyixun.jpg */ = {isa = PBXFileReference; lastKnownFileType = image.jpeg; path = chenyixun.jpg; sourceTree = "<group>"; };
		9490130D1C9F7F5700253715 /* playing_btn_next_h@2x.png */ = {isa = PBXFileReference; lastKnownFileType = image.png; path = "playing_btn_next_h@2x.png"; sourceTree = "<group>"; };
		9490130E1C9F7F5700253715 /* playing_btn_next_n@2x.png */ = {isa = PBXFileReference; lastKnownFileType = image.png; path = "playing_btn_next_n@2x.png"; sourceTree = "<group>"; };
		9490130F1C9F7F5700253715 /* playing_btn_pause_h@2x.png */ = {isa = PBXFileReference; lastKnownFileType = image.png; path = "playing_btn_pause_h@2x.png"; sourceTree = "<group>"; };
		949013101C9F7F5700253715 /* playing_btn_pause_n@2x.png */ = {isa = PBXFileReference; lastKnownFileType = image.png; path = "playing_btn_pause_n@2x.png"; sourceTree = "<group>"; };
		949013111C9F7F5700253715 /* playing_btn_play_h@2x.png */ = {isa = PBXFileReference; lastKnownFileType = image.png; path = "playing_btn_play_h@2x.png"; sourceTree = "<group>"; };
		949013121C9F7F5700253715 /* playing_btn_play_n@2x.png */ = {isa = PBXFileReference; lastKnownFileType = image.png; path = "playing_btn_play_n@2x.png"; sourceTree = "<group>"; };
		949013131C9F7F5700253715 /* playing_btn_pre_h@2x.png */ = {isa = PBXFileReference; lastKnownFileType = image.png; path = "playing_btn_pre_h@2x.png"; sourceTree = "<group>"; };
		949013141C9F7F5700253715 /* playing_btn_pre_n@2x.png */ = {isa = PBXFileReference; lastKnownFileType = image.png; path = "playing_btn_pre_n@2x.png"; sourceTree = "<group>"; };
		949013171C9F7F5700253715 /* playing_slider_play_left@2x.png */ = {isa = PBXFileReference; lastKnownFileType = image.png; path = "playing_slider_play_left@2x.png"; sourceTree = "<group>"; };
		949013181C9F7F5700253715 /* playing_slider_play_right@2x.png */ = {isa = PBXFileReference; lastKnownFileType = image.png; path = "playing_slider_play_right@2x.png"; sourceTree = "<group>"; };
		949013191C9F7F5700253715 /* playing_slider_thumb@2x.png */ = {isa = PBXFileReference; lastKnownFileType = image.png; path = "playing_slider_thumb@2x.png"; sourceTree = "<group>"; };
		9490131B1C9F7F5700253715 /* wanglihong.jpg */ = {isa = PBXFileReference; lastKnownFileType = image.jpeg; path = wanglihong.jpg; sourceTree = "<group>"; };
		9490131C1C9F7F5700253715 /* yanzi.jpg */ = {isa = PBXFileReference; lastKnownFileType = image.jpeg; path = yanzi.jpg; sourceTree = "<group>"; };
		9490131D1C9F7F5700253715 /* joy.jpg */ = {isa = PBXFileReference; lastKnownFileType = image.jpeg; path = joy.jpg; sourceTree = "<group>"; };
		9490131E1C9F7F5700253715 /* music.plist */ = {isa = PBXFileReference; fileEncoding = 4; lastKnownFileType = text.plist.xml; path = music.plist; sourceTree = "<group>"; };
		9490131F1C9F7F5700253715 /* 你不知道的事.mp3 */ = {isa = PBXFileReference; lastKnownFileType = audio.mp3; path = "你不知道的事.mp3"; sourceTree = "<group>"; };
		949013201C9F7F5700253715 /* 你给我听好.mp3 */ = {isa = PBXFileReference; lastKnownFileType = audio.mp3; path = "你给我听好.mp3"; sourceTree = "<group>"; };
		949013211C9F7F5700253715 /* 安静.mp3 */ = {isa = PBXFileReference; lastKnownFileType = audio.mp3; path = "安静.mp3"; sourceTree = "<group>"; };
		949013221C9F7F5700253715 /* 遇见.mp3 */ = {isa = PBXFileReference; lastKnownFileType = audio.mp3; path = "遇见.mp3"; sourceTree = "<group>"; };
		94CE0D721C985ED40065D966 /* VIMyCarsController.h */ = {isa = PBXFileReference; fileEncoding = 4; lastKnownFileType = sourcecode.c.h; path = VIMyCarsController.h; sourceTree = "<group>"; };
		94CE0D731C985ED40065D966 /* VIMyCarsController.m */ = {isa = PBXFileReference; fileEncoding = 4; lastKnownFileType = sourcecode.c.objc; path = VIMyCarsController.m; sourceTree = "<group>"; };
		94CE0D741C985ED40065D966 /* VIPeccancyInfotmation.h */ = {isa = PBXFileReference; fileEncoding = 4; lastKnownFileType = sourcecode.c.h; path = VIPeccancyInfotmation.h; sourceTree = "<group>"; };
		94CE0D751C985ED40065D966 /* VIPeccancyInfotmation.m */ = {isa = PBXFileReference; fileEncoding = 4; lastKnownFileType = sourcecode.c.objc; path = VIPeccancyInfotmation.m; sourceTree = "<group>"; };
		94CE0D761C985ED40065D966 /* VIPersonalController.h */ = {isa = PBXFileReference; fileEncoding = 4; lastKnownFileType = sourcecode.c.h; path = VIPersonalController.h; sourceTree = "<group>"; };
		94CE0D771C985ED40065D966 /* VIPersonalController.m */ = {isa = PBXFileReference; fileEncoding = 4; lastKnownFileType = sourcecode.c.objc; path = VIPersonalController.m; sourceTree = "<group>"; };
		94CE0D7B1C985EDA0065D966 /* CarInfo.plist */ = {isa = PBXFileReference; fileEncoding = 4; lastKnownFileType = text.plist.xml; path = CarInfo.plist; sourceTree = "<group>"; };
		94CE0D7C1C985EDA0065D966 /* VICarInfoModel.h */ = {isa = PBXFileReference; fileEncoding = 4; lastKnownFileType = sourcecode.c.h; path = VICarInfoModel.h; sourceTree = "<group>"; };
		94CE0D7D1C985EDA0065D966 /* VICarInfoModel.m */ = {isa = PBXFileReference; fileEncoding = 4; lastKnownFileType = sourcecode.c.objc; path = VICarInfoModel.m; sourceTree = "<group>"; };
		94EF6E1E1CA3918700082474 /* VIHomeMapController.mm */ = {isa = PBXFileReference; fileEncoding = 4; lastKnownFileType = sourcecode.cpp.objcpp; path = VIHomeMapController.mm; sourceTree = "<group>"; };
		F30F7E921C950C8D0081A41E /* mapapi.bundle */ = {isa = PBXFileReference; lastKnownFileType = "wrapper.plug-in"; name = mapapi.bundle; path = VehicleInternet/Framework/BaiduMap/BaiduMapAPI_Map.framework/Resources/mapapi.bundle; sourceTree = "<group>"; };
		F30F7EA81C9538BF0081A41E /* VIHomeMapController.h */ = {isa = PBXFileReference; fileEncoding = 4; lastKnownFileType = sourcecode.c.h; path = VIHomeMapController.h; sourceTree = "<group>"; };
		F30F7EFF1C97A8B20081A41E /* AVOSCloud.framework */ = {isa = PBXFileReference; lastKnownFileType = wrapper.framework; name = AVOSCloud.framework; path = VehicleInternet/AVOSCloud.framework; sourceTree = "<group>"; };
		F32FD8F41C97B3F800804053 /* libstdc++.6.0.9.tbd */ = {isa = PBXFileReference; lastKnownFileType = "sourcecode.text-based-dylib-definition"; name = "libstdc++.6.0.9.tbd"; path = "usr/lib/libstdc++.6.0.9.tbd"; sourceTree = SDKROOT; };
		F32FD8F61C97B40500804053 /* CoreTelephony.framework */ = {isa = PBXFileReference; lastKnownFileType = wrapper.framework; name = CoreTelephony.framework; path = System/Library/Frameworks/CoreTelephony.framework; sourceTree = SDKROOT; };
		F32FD8F81C97B41A00804053 /* Security.framework */ = {isa = PBXFileReference; lastKnownFileType = wrapper.framework; name = Security.framework; path = System/Library/Frameworks/Security.framework; sourceTree = SDKROOT; };
		F32FD8FA1C97B42800804053 /* SystemConfiguration.framework */ = {isa = PBXFileReference; lastKnownFileType = wrapper.framework; name = SystemConfiguration.framework; path = System/Library/Frameworks/SystemConfiguration.framework; sourceTree = SDKROOT; };
		F32FD90D1C97CA2300804053 /* JMTool.h */ = {isa = PBXFileReference; fileEncoding = 4; lastKnownFileType = sourcecode.c.h; path = JMTool.h; sourceTree = "<group>"; };
		F32FD90E1C97CA2300804053 /* UIImage+ImageEffects.h */ = {isa = PBXFileReference; fileEncoding = 4; lastKnownFileType = sourcecode.c.h; path = "UIImage+ImageEffects.h"; sourceTree = "<group>"; };
		F32FD90F1C97CA2300804053 /* UIImage+ImageEffects.m */ = {isa = PBXFileReference; fileEncoding = 4; lastKnownFileType = sourcecode.c.objc; path = "UIImage+ImageEffects.m"; sourceTree = "<group>"; };
		F32FD9101C97CA2300804053 /* UIView+JMPosition.h */ = {isa = PBXFileReference; fileEncoding = 4; lastKnownFileType = sourcecode.c.h; path = "UIView+JMPosition.h"; sourceTree = "<group>"; };
		F32FD9111C97CA2300804053 /* UIView+JMPosition.m */ = {isa = PBXFileReference; fileEncoding = 4; lastKnownFileType = sourcecode.c.objc; path = "UIView+JMPosition.m"; sourceTree = "<group>"; };
		F32FD9121C97CA2300804053 /* UIView+JMTool.h */ = {isa = PBXFileReference; fileEncoding = 4; lastKnownFileType = sourcecode.c.h; path = "UIView+JMTool.h"; sourceTree = "<group>"; };
		F32FD9131C97CA2300804053 /* UIView+JMTool.m */ = {isa = PBXFileReference; fileEncoding = 4; lastKnownFileType = sourcecode.c.objc; path = "UIView+JMTool.m"; sourceTree = "<group>"; };
		F32FD9211C97CB0700804053 /* VehicleInternet.pch */ = {isa = PBXFileReference; fileEncoding = 4; lastKnownFileType = sourcecode.c.h; path = VehicleInternet.pch; sourceTree = "<group>"; };
		F32FD9221C97F70900804053 /* LQXSwitch.h */ = {isa = PBXFileReference; fileEncoding = 4; lastKnownFileType = sourcecode.c.h; path = LQXSwitch.h; sourceTree = "<group>"; };
		F32FD9231C97F70900804053 /* LQXSwitch.m */ = {isa = PBXFileReference; fileEncoding = 4; lastKnownFileType = sourcecode.c.objc; path = LQXSwitch.m; sourceTree = "<group>"; };
		F32FD9251C9A895000804053 /* HomeNavBarCityItem.h */ = {isa = PBXFileReference; fileEncoding = 4; lastKnownFileType = sourcecode.c.h; path = HomeNavBarCityItem.h; sourceTree = "<group>"; };
		F32FD9261C9A895000804053 /* HomeNavBarCityItem.m */ = {isa = PBXFileReference; fileEncoding = 4; lastKnownFileType = sourcecode.c.objc; path = HomeNavBarCityItem.m; sourceTree = "<group>"; };
		F32FD9271C9A895000804053 /* HomeNavBarCityItem.xib */ = {isa = PBXFileReference; fileEncoding = 4; lastKnownFileType = file.xib; path = HomeNavBarCityItem.xib; sourceTree = "<group>"; };
		F32FD9311C9C108100804053 /* VIMapPoiSearch.h */ = {isa = PBXFileReference; fileEncoding = 4; lastKnownFileType = sourcecode.c.h; path = VIMapPoiSearch.h; sourceTree = "<group>"; };
		F32FD9321C9C108100804053 /* VIMapPoiSearch.m */ = {isa = PBXFileReference; fileEncoding = 4; lastKnownFileType = sourcecode.c.objc; path = VIMapPoiSearch.m; sourceTree = "<group>"; };
		F32FD9341C9C1E3C00804053 /* VISearchSiteTextField.h */ = {isa = PBXFileReference; fileEncoding = 4; lastKnownFileType = sourcecode.c.h; path = VISearchSiteTextField.h; sourceTree = "<group>"; };
		F32FD9351C9C1E3C00804053 /* VISearchSiteTextField.m */ = {isa = PBXFileReference; fileEncoding = 4; lastKnownFileType = sourcecode.c.objc; path = VISearchSiteTextField.m; sourceTree = "<group>"; };
		F3859E7A1CA58A8B0054D309 /* VIAppointmentController.h */ = {isa = PBXFileReference; fileEncoding = 4; lastKnownFileType = sourcecode.c.h; name = VIAppointmentController.h; path = VehicleInternet/Classes/Appointment/Model/VIAppointmentController.h; sourceTree = SOURCE_ROOT; };
		F3859E7B1CA58A8B0054D309 /* VIAppointmentController.m */ = {isa = PBXFileReference; fileEncoding = 4; lastKnownFileType = sourcecode.c.objc; name = VIAppointmentController.m; path = VehicleInternet/Classes/Appointment/Model/VIAppointmentController.m; sourceTree = SOURCE_ROOT; };
		F3859E7D1CA58E140054D309 /* VIAppointmentComposeController.h */ = {isa = PBXFileReference; fileEncoding = 4; lastKnownFileType = sourcecode.c.h; name = VIAppointmentComposeController.h; path = VehicleInternet/Classes/Appointment/Model/VIAppointmentComposeController.h; sourceTree = SOURCE_ROOT; };
		F3859E7E1CA58E140054D309 /* VIAppointmentComposeController.m */ = {isa = PBXFileReference; fileEncoding = 4; lastKnownFileType = sourcecode.c.objc; name = VIAppointmentComposeController.m; path = VehicleInternet/Classes/Appointment/Model/VIAppointmentComposeController.m; sourceTree = SOURCE_ROOT; };
		F39F9D051C950AB7001B8D69 /* CoreLocation.framework */ = {isa = PBXFileReference; lastKnownFileType = wrapper.framework; name = CoreLocation.framework; path = System/Library/Frameworks/CoreLocation.framework; sourceTree = SDKROOT; };
		F39F9D071C950AC3001B8D69 /* QuartzCore.framework */ = {isa = PBXFileReference; lastKnownFileType = wrapper.framework; name = QuartzCore.framework; path = System/Library/Frameworks/QuartzCore.framework; sourceTree = SDKROOT; };
		F39F9D091C950ACD001B8D69 /* OpenGLES.framework */ = {isa = PBXFileReference; lastKnownFileType = wrapper.framework; name = OpenGLES.framework; path = System/Library/Frameworks/OpenGLES.framework; sourceTree = SDKROOT; };
		F39F9D0B1C950AD8001B8D69 /* libsqlite3.0.tbd */ = {isa = PBXFileReference; lastKnownFileType = "sourcecode.text-based-dylib-definition"; name = libsqlite3.0.tbd; path = usr/lib/libsqlite3.0.tbd; sourceTree = SDKROOT; };
		F3DA65441CA373CE00E26AE4 /* VIAppointmentModel.h */ = {isa = PBXFileReference; fileEncoding = 4; lastKnownFileType = sourcecode.c.h; path = VIAppointmentModel.h; sourceTree = "<group>"; };
		F3DA65451CA373CE00E26AE4 /* VIAppointmentModel.m */ = {isa = PBXFileReference; fileEncoding = 4; lastKnownFileType = sourcecode.c.objc; path = VIAppointmentModel.m; sourceTree = "<group>"; };
		F3E447E01CB12608006B62E1 /* UUDatePicker.h */ = {isa = PBXFileReference; fileEncoding = 4; lastKnownFileType = sourcecode.c.h; path = UUDatePicker.h; sourceTree = "<group>"; };
		F3E447E11CB12608006B62E1 /* UUDatePicker.m */ = {isa = PBXFileReference; fileEncoding = 4; lastKnownFileType = sourcecode.c.objc; path = UUDatePicker.m; sourceTree = "<group>"; };
		F3E447E21CB12608006B62E1 /* UUDatePicker_DateModel.h */ = {isa = PBXFileReference; fileEncoding = 4; lastKnownFileType = sourcecode.c.h; path = UUDatePicker_DateModel.h; sourceTree = "<group>"; };
		F3E447E31CB12608006B62E1 /* UUDatePicker_DateModel.m */ = {isa = PBXFileReference; fileEncoding = 4; lastKnownFileType = sourcecode.c.objc; path = UUDatePicker_DateModel.m; sourceTree = "<group>"; };
		F3E447E71CB16BA6006B62E1 /* VIAppointmentCell.h */ = {isa = PBXFileReference; fileEncoding = 4; lastKnownFileType = sourcecode.c.h; path = VIAppointmentCell.h; sourceTree = "<group>"; };
		F3E447E81CB16BA6006B62E1 /* VIAppointmentCell.m */ = {isa = PBXFileReference; fileEncoding = 4; lastKnownFileType = sourcecode.c.objc; path = VIAppointmentCell.m; sourceTree = "<group>"; };
		F3E447E91CB16BA6006B62E1 /* VIAppointmentCell.xib */ = {isa = PBXFileReference; fileEncoding = 4; lastKnownFileType = file.xib; path = VIAppointmentCell.xib; sourceTree = "<group>"; };
		F3E447EC1CB20F8C006B62E1 /* VIEwmController.h */ = {isa = PBXFileReference; fileEncoding = 4; lastKnownFileType = sourcecode.c.h; path = VIEwmController.h; sourceTree = "<group>"; };
		F3E447ED1CB20F8C006B62E1 /* VIEwmController.m */ = {isa = PBXFileReference; fileEncoding = 4; lastKnownFileType = sourcecode.c.objc; path = VIEwmController.m; sourceTree = "<group>"; };
		F3E447F31CB21F46006B62E1 /* UIImage+QRCode.h */ = {isa = PBXFileReference; fileEncoding = 4; lastKnownFileType = sourcecode.c.h; path = "UIImage+QRCode.h"; sourceTree = "<group>"; };
		F3E447F41CB21F46006B62E1 /* UIImage+QRCode.m */ = {isa = PBXFileReference; fileEncoding = 4; lastKnownFileType = sourcecode.c.objc; path = "UIImage+QRCode.m"; sourceTree = "<group>"; };
		F3E447F61CB21F93006B62E1 /* 海绵宝宝.jpeg */ = {isa = PBXFileReference; lastKnownFileType = image.jpeg; path = "海绵宝宝.jpeg"; sourceTree = "<group>"; };
		F3E447F81CB222E2006B62E1 /* VIEwmScanController.h */ = {isa = PBXFileReference; fileEncoding = 4; lastKnownFileType = sourcecode.c.h; path = VIEwmScanController.h; sourceTree = "<group>"; };
		F3E447F91CB222E2006B62E1 /* VIEwmScanController.m */ = {isa = PBXFileReference; fileEncoding = 4; lastKnownFileType = sourcecode.c.objc; path = VIEwmScanController.m; sourceTree = "<group>"; };
		F3E447FC1CB22357006B62E1 /* SHBQRView.h */ = {isa = PBXFileReference; fileEncoding = 4; lastKnownFileType = sourcecode.c.h; path = SHBQRView.h; sourceTree = "<group>"; };
		F3E447FD1CB22357006B62E1 /* SHBQRView.m */ = {isa = PBXFileReference; fileEncoding = 4; lastKnownFileType = sourcecode.c.objc; path = SHBQRView.m; sourceTree = "<group>"; };
		F3E447FF1CB224F6006B62E1 /* noticeMusic.wav */ = {isa = PBXFileReference; lastKnownFileType = audio.wav; path = noticeMusic.wav; sourceTree = "<group>"; };
		F3E448001CB224F6006B62E1 /* scanLine@2x.png */ = {isa = PBXFileReference; lastKnownFileType = image.png; path = "scanLine@2x.png"; sourceTree = "<group>"; };
		F3E448011CB224F6006B62E1 /* scanLine@3x.png */ = {isa = PBXFileReference; lastKnownFileType = image.png; path = "scanLine@3x.png"; sourceTree = "<group>"; };
		F3E448021CB224F6006B62E1 /* scanscanBg.png */ = {isa = PBXFileReference; lastKnownFileType = image.png; path = scanscanBg.png; sourceTree = "<group>"; };
		F3E448071CB29321006B62E1 /* JMLogInController.h */ = {isa = PBXFileReference; fileEncoding = 4; lastKnownFileType = sourcecode.c.h; path = JMLogInController.h; sourceTree = "<group>"; };
		F3E448081CB29321006B62E1 /* JMLogInController.m */ = {isa = PBXFileReference; fileEncoding = 4; lastKnownFileType = sourcecode.c.objc; path = JMLogInController.m; sourceTree = "<group>"; };
		F3E448091CB29321006B62E1 /* JMLogInController.xib */ = {isa = PBXFileReference; fileEncoding = 4; lastKnownFileType = file.xib; path = JMLogInController.xib; sourceTree = "<group>"; };
		F3E4480A1CB29321006B62E1 /* JMRegisterController.h */ = {isa = PBXFileReference; fileEncoding = 4; lastKnownFileType = sourcecode.c.h; path = JMRegisterController.h; sourceTree = "<group>"; };
		F3E4480B1CB29321006B62E1 /* JMRegisterController.m */ = {isa = PBXFileReference; fileEncoding = 4; lastKnownFileType = sourcecode.c.objc; path = JMRegisterController.m; sourceTree = "<group>"; };
		F3E4480C1CB29321006B62E1 /* JMRegisterController.xib */ = {isa = PBXFileReference; fileEncoding = 4; lastKnownFileType = file.xib; path = JMRegisterController.xib; sourceTree = "<group>"; };
		F3E448111CB29387006B62E1 /* VIUserModel.h */ = {isa = PBXFileReference; fileEncoding = 4; lastKnownFileType = sourcecode.c.h; path = VIUserModel.h; sourceTree = "<group>"; };
		F3E448121CB29387006B62E1 /* VIUserModel.m */ = {isa = PBXFileReference; fileEncoding = 4; lastKnownFileType = sourcecode.c.objc; path = VIUserModel.m; sourceTree = "<group>"; };
		F3F0B2AE1C95099F00989506 /* VehicleInternet.app */ = {isa = PBXFileReference; explicitFileType = wrapper.application; includeInIndex = 0; path = VehicleInternet.app; sourceTree = BUILT_PRODUCTS_DIR; };
		F3F0B2B21C95099F00989506 /* main.m */ = {isa = PBXFileReference; lastKnownFileType = sourcecode.c.objc; path = main.m; sourceTree = "<group>"; };
		F3F0B2B41C95099F00989506 /* AppDelegate.h */ = {isa = PBXFileReference; lastKnownFileType = sourcecode.c.h; path = AppDelegate.h; sourceTree = "<group>"; };
		F3F0B2B51C95099F00989506 /* AppDelegate.mm */ = {isa = PBXFileReference; lastKnownFileType = sourcecode.cpp.objcpp; path = AppDelegate.mm; sourceTree = "<group>"; };
		F3F0B2BB1C95099F00989506 /* Base */ = {isa = PBXFileReference; lastKnownFileType = file.storyboard; name = Base; path = Base.lproj/Main.storyboard; sourceTree = "<group>"; };
		F3F0B2BD1C95099F00989506 /* Assets.xcassets */ = {isa = PBXFileReference; lastKnownFileType = folder.assetcatalog; path = Assets.xcassets; sourceTree = "<group>"; };
		F3F0B2C01C95099F00989506 /* Base */ = {isa = PBXFileReference; lastKnownFileType = file.storyboard; name = Base; path = Base.lproj/LaunchScreen.storyboard; sourceTree = "<group>"; };
		F3F0B2C21C95099F00989506 /* Info.plist */ = {isa = PBXFileReference; lastKnownFileType = text.plist.xml; path = Info.plist; sourceTree = "<group>"; };
		F3F0B2C71C9509A000989506 /* VehicleInternetTests.xctest */ = {isa = PBXFileReference; explicitFileType = wrapper.cfbundle; includeInIndex = 0; path = VehicleInternetTests.xctest; sourceTree = BUILT_PRODUCTS_DIR; };
		F3F0B2CB1C9509A000989506 /* VehicleInternetTests.m */ = {isa = PBXFileReference; lastKnownFileType = sourcecode.c.objc; path = VehicleInternetTests.m; sourceTree = "<group>"; };
		F3F0B2CD1C9509A000989506 /* Info.plist */ = {isa = PBXFileReference; lastKnownFileType = text.plist.xml; path = Info.plist; sourceTree = "<group>"; };
		F3F0B2D21C9509A000989506 /* VehicleInternetUITests.xctest */ = {isa = PBXFileReference; explicitFileType = wrapper.cfbundle; includeInIndex = 0; path = VehicleInternetUITests.xctest; sourceTree = BUILT_PRODUCTS_DIR; };
		F3F0B2D61C9509A000989506 /* VehicleInternetUITests.m */ = {isa = PBXFileReference; lastKnownFileType = sourcecode.c.objc; path = VehicleInternetUITests.m; sourceTree = "<group>"; };
		F3F0B2D81C9509A000989506 /* Info.plist */ = {isa = PBXFileReference; lastKnownFileType = text.plist.xml; path = Info.plist; sourceTree = "<group>"; };
		F3F0B2E81C9509ED00989506 /* BaiduMapAPI_Base.framework */ = {isa = PBXFileReference; lastKnownFileType = wrapper.framework; path = BaiduMapAPI_Base.framework; sourceTree = "<group>"; };
		F3F0B2E91C9509ED00989506 /* BaiduMapAPI_Cloud.framework */ = {isa = PBXFileReference; lastKnownFileType = wrapper.framework; path = BaiduMapAPI_Cloud.framework; sourceTree = "<group>"; };
		F3F0B2EA1C9509ED00989506 /* BaiduMapAPI_Location.framework */ = {isa = PBXFileReference; lastKnownFileType = wrapper.framework; path = BaiduMapAPI_Location.framework; sourceTree = "<group>"; };
		F3F0B2EB1C9509ED00989506 /* BaiduMapAPI_Map.framework */ = {isa = PBXFileReference; lastKnownFileType = wrapper.framework; path = BaiduMapAPI_Map.framework; sourceTree = "<group>"; };
		F3F0B2EC1C9509ED00989506 /* BaiduMapAPI_Radar.framework */ = {isa = PBXFileReference; lastKnownFileType = wrapper.framework; path = BaiduMapAPI_Radar.framework; sourceTree = "<group>"; };
		F3F0B2ED1C9509ED00989506 /* BaiduMapAPI_Search.framework */ = {isa = PBXFileReference; lastKnownFileType = wrapper.framework; path = BaiduMapAPI_Search.framework; sourceTree = "<group>"; };
		F3F0B2EE1C9509ED00989506 /* BaiduMapAPI_Utils.framework */ = {isa = PBXFileReference; lastKnownFileType = wrapper.framework; path = BaiduMapAPI_Utils.framework; sourceTree = "<group>"; };
/* End PBXFileReference section */

/* Begin PBXFrameworksBuildPhase section */
		F3F0B2AB1C95099F00989506 /* Frameworks */ = {
			isa = PBXFrameworksBuildPhase;
			buildActionMask = 2147483647;
			files = (
				F32FD8FB1C97B42800804053 /* SystemConfiguration.framework in Frameworks */,
				F32FD8F91C97B41A00804053 /* Security.framework in Frameworks */,
				F32FD8F71C97B40500804053 /* CoreTelephony.framework in Frameworks */,
				F32FD8F51C97B3F800804053 /* libstdc++.6.0.9.tbd in Frameworks */,
				F39F9D0C1C950AD8001B8D69 /* libsqlite3.0.tbd in Frameworks */,
				F39F9D0A1C950ACD001B8D69 /* OpenGLES.framework in Frameworks */,
				F39F9D081C950AC3001B8D69 /* QuartzCore.framework in Frameworks */,
				F39F9D061C950AB7001B8D69 /* CoreLocation.framework in Frameworks */,
				F30F7F001C97A8B20081A41E /* AVOSCloud.framework in Frameworks */,
				F3F0B2F41C9509ED00989506 /* BaiduMapAPI_Radar.framework in Frameworks */,
				F3F0B2F01C9509ED00989506 /* BaiduMapAPI_Base.framework in Frameworks */,
				F3F0B2F11C9509ED00989506 /* BaiduMapAPI_Cloud.framework in Frameworks */,
				F3F0B2F61C9509ED00989506 /* BaiduMapAPI_Utils.framework in Frameworks */,
				F3F0B2F31C9509ED00989506 /* BaiduMapAPI_Map.framework in Frameworks */,
				F3F0B2F21C9509ED00989506 /* BaiduMapAPI_Location.framework in Frameworks */,
				F3F0B2F51C9509ED00989506 /* BaiduMapAPI_Search.framework in Frameworks */,
			);
			runOnlyForDeploymentPostprocessing = 0;
		};
		F3F0B2C41C9509A000989506 /* Frameworks */ = {
			isa = PBXFrameworksBuildPhase;
			buildActionMask = 2147483647;
			files = (
			);
			runOnlyForDeploymentPostprocessing = 0;
		};
		F3F0B2CF1C9509A000989506 /* Frameworks */ = {
			isa = PBXFrameworksBuildPhase;
			buildActionMask = 2147483647;
			files = (
			);
			runOnlyForDeploymentPostprocessing = 0;
		};
/* End PBXFrameworksBuildPhase section */

/* Begin PBXGroup section */
		949012FD1C9F7F5700253715 /* Sources */ = {
			isa = PBXGroup;
			children = (
				949012FE1C9F7F5700253715 /* image */,
				9490131D1C9F7F5700253715 /* joy.jpg */,
				9490131E1C9F7F5700253715 /* music.plist */,
				9490131F1C9F7F5700253715 /* 你不知道的事.mp3 */,
				949013201C9F7F5700253715 /* 你给我听好.mp3 */,
				949013211C9F7F5700253715 /* 安静.mp3 */,
				949013221C9F7F5700253715 /* 遇见.mp3 */,
			);
			path = Sources;
			sourceTree = "<group>";
		};
		949012FE1C9F7F5700253715 /* image */ = {
			isa = PBXGroup;
			children = (
				949012FF1C9F7F5700253715 /* chenyixun.jpg */,
				9490130D1C9F7F5700253715 /* playing_btn_next_h@2x.png */,
				9490130E1C9F7F5700253715 /* playing_btn_next_n@2x.png */,
				9490130F1C9F7F5700253715 /* playing_btn_pause_h@2x.png */,
				949013101C9F7F5700253715 /* playing_btn_pause_n@2x.png */,
				949013111C9F7F5700253715 /* playing_btn_play_h@2x.png */,
				949013121C9F7F5700253715 /* playing_btn_play_n@2x.png */,
				949013131C9F7F5700253715 /* playing_btn_pre_h@2x.png */,
				949013141C9F7F5700253715 /* playing_btn_pre_n@2x.png */,
				949013171C9F7F5700253715 /* playing_slider_play_left@2x.png */,
				949013181C9F7F5700253715 /* playing_slider_play_right@2x.png */,
				949013191C9F7F5700253715 /* playing_slider_thumb@2x.png */,
				9490131B1C9F7F5700253715 /* wanglihong.jpg */,
				9490131C1C9F7F5700253715 /* yanzi.jpg */,
			);
			path = image;
			sourceTree = "<group>";
		};
		94CE0D711C985EC00065D966 /* Model */ = {
			isa = PBXGroup;
			children = (
				F3E448111CB29387006B62E1 /* VIUserModel.h */,
				F3E448121CB29387006B62E1 /* VIUserModel.m */,
			);
			name = Model;
			path = Other;
			sourceTree = "<group>";
		};
		F30F7E941C950CE60081A41E /* Classes */ = {
			isa = PBXGroup;
			children = (
				F32FD91C1C97CAC600804053 /* Common */,
				F32FD90B1C97CA1200804053 /* Tool */,
				F32FD8FC1C97CA0000804053 /* Appointment */,
				F32FD9011C97CA0000804053 /* Lib */,
				F32FD9021C97CA0000804053 /* Login */,
				F32FD9031C97CA0000804053 /* Music */,
				F32FD9071C97CA0000804053 /* Personal */,
				F30F7E9C1C950CE60081A41E /* Map */,
			);
			path = Classes;
			sourceTree = "<group>";
		};
		F30F7E9C1C950CE60081A41E /* Map */ = {
			isa = PBXGroup;
			children = (
				F32FD9171C97CA6900804053 /* Model */,
				F32FD9181C97CA6900804053 /* View */,
				F30F7E9D1C950CE60081A41E /* Controller */,
			);
			path = Map;
			sourceTree = "<group>";
		};
		F30F7E9D1C950CE60081A41E /* Controller */ = {
			isa = PBXGroup;
			children = (
				F30F7EA81C9538BF0081A41E /* VIHomeMapController.h */,
				94EF6E1E1CA3918700082474 /* VIHomeMapController.mm */,
			);
			path = Controller;
			sourceTree = "<group>";
		};
		F32FD8FC1C97CA0000804053 /* Appointment */ = {
			isa = PBXGroup;
			children = (
				F3E447E61CB16B94006B62E1 /* View */,
				F32FD8FD1C97CA0000804053 /* Controller */,
				F32FD8FE1C97CA0000804053 /* Model */,
			);
			path = Appointment;
			sourceTree = "<group>";
		};
		F32FD8FD1C97CA0000804053 /* Controller */ = {
			isa = PBXGroup;
			children = (
				F3859E7A1CA58A8B0054D309 /* VIAppointmentController.h */,
				F3859E7B1CA58A8B0054D309 /* VIAppointmentController.m */,
				F3859E7D1CA58E140054D309 /* VIAppointmentComposeController.h */,
				F3859E7E1CA58E140054D309 /* VIAppointmentComposeController.m */,
			);
			path = Controller;
			sourceTree = "<group>";
		};
		F32FD8FE1C97CA0000804053 /* Model */ = {
			isa = PBXGroup;
			children = (
				F3DA65441CA373CE00E26AE4 /* VIAppointmentModel.h */,
				F3DA65451CA373CE00E26AE4 /* VIAppointmentModel.m */,
			);
			path = Model;
			sourceTree = "<group>";
		};
		F32FD9011C97CA0000804053 /* Lib */ = {
			isa = PBXGroup;
			children = (
				F3E447FB1CB2234E006B62E1 /* Ewm */,
				F3E447DF1CB12608006B62E1 /* UUDatePicker_Block */,
			);
			path = Lib;
			sourceTree = "<group>";
		};
		F32FD9021C97CA0000804053 /* Login */ = {
			isa = PBXGroup;
			children = (
				F32FD9191C97CA7E00804053 /* Controller */,
				F32FD91A1C97CA7E00804053 /* Model */,
				F32FD91B1C97CA7E00804053 /* View */,
			);
			path = Login;
			sourceTree = "<group>";
		};
		F32FD9031C97CA0000804053 /* Music */ = {
			isa = PBXGroup;
			children = (
				949012FD1C9F7F5700253715 /* Sources */,
				F32FD9041C97CA0000804053 /* Controller */,
				F32FD9051C97CA0000804053 /* Model */,
				F32FD9061C97CA0000804053 /* View */,
			);
			path = Music;
			sourceTree = "<group>";
		};
		F32FD9041C97CA0000804053 /* Controller */ = {
			isa = PBXGroup;
			children = (
				9490121F1C9F7C0200253715 /* VIMusicPlayerController.h */,
				949012201C9F7C0200253715 /* VIMusicPlayerController.m */,
				948C87E21C9FD791006EB17A /* VIMusicListController.h */,
				948C87E31C9FD791006EB17A /* VIMusicListController.m */,
			);
			path = Controller;
			sourceTree = "<group>";
		};
		F32FD9051C97CA0000804053 /* Model */ = {
			isa = PBXGroup;
			children = (
				948C87DF1C9FD1D5006EB17A /* VIMusicModel.h */,
				948C87E01C9FD1D5006EB17A /* VIMusicModel.m */,
			);
			path = Model;
			sourceTree = "<group>";
		};
		F32FD9061C97CA0000804053 /* View */ = {
			isa = PBXGroup;
			children = (
			);
			path = View;
			sourceTree = "<group>";
		};
		F32FD9071C97CA0000804053 /* Personal */ = {
			isa = PBXGroup;
			children = (
				F32FD9081C97CA0000804053 /* Controller */,
				F32FD9091C97CA0000804053 /* Model */,
				F32FD90A1C97CA0000804053 /* View */,
			);
			path = Personal;
			sourceTree = "<group>";
		};
		F32FD9081C97CA0000804053 /* Controller */ = {
			isa = PBXGroup;
			children = (
				94CE0D721C985ED40065D966 /* VIMyCarsController.h */,
				94CE0D731C985ED40065D966 /* VIMyCarsController.m */,
				94CE0D741C985ED40065D966 /* VIPeccancyInfotmation.h */,
				94CE0D751C985ED40065D966 /* VIPeccancyInfotmation.m */,
				94CE0D761C985ED40065D966 /* VIPersonalController.h */,
				94CE0D771C985ED40065D966 /* VIPersonalController.m */,
			);
			path = Controller;
			sourceTree = "<group>";
		};
		F32FD9091C97CA0000804053 /* Model */ = {
			isa = PBXGroup;
			children = (
				94CE0D7B1C985EDA0065D966 /* CarInfo.plist */,
				94CE0D7C1C985EDA0065D966 /* VICarInfoModel.h */,
				94CE0D7D1C985EDA0065D966 /* VICarInfoModel.m */,
			);
			path = Model;
			sourceTree = "<group>";
		};
		F32FD90A1C97CA0000804053 /* View */ = {
			isa = PBXGroup;
			children = (
			);
			path = View;
			sourceTree = "<group>";
		};
		F32FD90B1C97CA1200804053 /* Tool */ = {
			isa = PBXGroup;
			children = (
				F32FD90C1C97CA2300804053 /* JMTool */,
			);
			path = Tool;
			sourceTree = "<group>";
		};
		F32FD90C1C97CA2300804053 /* JMTool */ = {
			isa = PBXGroup;
			children = (
				F32FD90D1C97CA2300804053 /* JMTool.h */,
				F32FD90E1C97CA2300804053 /* UIImage+ImageEffects.h */,
				F32FD90F1C97CA2300804053 /* UIImage+ImageEffects.m */,
				F32FD9101C97CA2300804053 /* UIView+JMPosition.h */,
				F32FD9111C97CA2300804053 /* UIView+JMPosition.m */,
				F32FD9121C97CA2300804053 /* UIView+JMTool.h */,
				F32FD9131C97CA2300804053 /* UIView+JMTool.m */,
				F3E447F31CB21F46006B62E1 /* UIImage+QRCode.h */,
				F3E447F41CB21F46006B62E1 /* UIImage+QRCode.m */,
			);
			path = JMTool;
			sourceTree = "<group>";
		};
		F32FD9171C97CA6900804053 /* Model */ = {
			isa = PBXGroup;
			children = (
				F32FD9311C9C108100804053 /* VIMapPoiSearch.h */,
				F32FD9321C9C108100804053 /* VIMapPoiSearch.m */,
			);
			path = Model;
			sourceTree = "<group>";
		};
		F32FD9181C97CA6900804053 /* View */ = {
			isa = PBXGroup;
			children = (
				F32FD9251C9A895000804053 /* HomeNavBarCityItem.h */,
				F32FD9261C9A895000804053 /* HomeNavBarCityItem.m */,
				F32FD9271C9A895000804053 /* HomeNavBarCityItem.xib */,
				F32FD9221C97F70900804053 /* LQXSwitch.h */,
				F32FD9231C97F70900804053 /* LQXSwitch.m */,
				F32FD9341C9C1E3C00804053 /* VISearchSiteTextField.h */,
				F32FD9351C9C1E3C00804053 /* VISearchSiteTextField.m */,
			);
			path = View;
			sourceTree = "<group>";
		};
		F32FD9191C97CA7E00804053 /* Controller */ = {
			isa = PBXGroup;
			children = (
				F3E448071CB29321006B62E1 /* JMLogInController.h */,
				F3E448081CB29321006B62E1 /* JMLogInController.m */,
				F3E448091CB29321006B62E1 /* JMLogInController.xib */,
				F3E4480A1CB29321006B62E1 /* JMRegisterController.h */,
				F3E4480B1CB29321006B62E1 /* JMRegisterController.m */,
				F3E4480C1CB29321006B62E1 /* JMRegisterController.xib */,
			);
			path = Controller;
			sourceTree = "<group>";
		};
		F32FD91A1C97CA7E00804053 /* Model */ = {
			isa = PBXGroup;
			children = (
			);
			path = Model;
			sourceTree = "<group>";
		};
		F32FD91B1C97CA7E00804053 /* View */ = {
			isa = PBXGroup;
			children = (
			);
			path = View;
			sourceTree = "<group>";
		};
		F32FD91C1C97CAC600804053 /* Common */ = {
			isa = PBXGroup;
			children = (
				F32FD91D1C97CAC600804053 /* Controller */,
				94CE0D711C985EC00065D966 /* Model */,
				F32FD91F1C97CAC600804053 /* Other */,
				F32FD9201C97CAC600804053 /* View */,
			);
			path = Common;
			sourceTree = "<group>";
		};
		F32FD91D1C97CAC600804053 /* Controller */ = {
			isa = PBXGroup;
			children = (
				F3E447EC1CB20F8C006B62E1 /* VIEwmController.h */,
				F3E447ED1CB20F8C006B62E1 /* VIEwmController.m */,
				F3E447F81CB222E2006B62E1 /* VIEwmScanController.h */,
				F3E447F91CB222E2006B62E1 /* VIEwmScanController.m */,
			);
			path = Controller;
			sourceTree = "<group>";
		};
		F32FD91F1C97CAC600804053 /* Other */ = {
			isa = PBXGroup;
			children = (
				F32FD9211C97CB0700804053 /* VehicleInternet.pch */,
			);
			path = Other;
			sourceTree = "<group>";
		};
		F32FD9201C97CAC600804053 /* View */ = {
			isa = PBXGroup;
			children = (
			);
			path = View;
			sourceTree = "<group>";
		};
		F3E447DF1CB12608006B62E1 /* UUDatePicker_Block */ = {
			isa = PBXGroup;
			children = (
				F3E447E01CB12608006B62E1 /* UUDatePicker.h */,
				F3E447E11CB12608006B62E1 /* UUDatePicker.m */,
				F3E447E21CB12608006B62E1 /* UUDatePicker_DateModel.h */,
				F3E447E31CB12608006B62E1 /* UUDatePicker_DateModel.m */,
			);
			path = UUDatePicker_Block;
			sourceTree = "<group>";
		};
		F3E447E61CB16B94006B62E1 /* View */ = {
			isa = PBXGroup;
			children = (
				F3E447E71CB16BA6006B62E1 /* VIAppointmentCell.h */,
				F3E447E81CB16BA6006B62E1 /* VIAppointmentCell.m */,
				F3E447E91CB16BA6006B62E1 /* VIAppointmentCell.xib */,
			);
			path = View;
			sourceTree = "<group>";
		};
		F3E447FB1CB2234E006B62E1 /* Ewm */ = {
			isa = PBXGroup;
			children = (
				F3E447FC1CB22357006B62E1 /* SHBQRView.h */,
				F3E447FD1CB22357006B62E1 /* SHBQRView.m */,
			);
			path = Ewm;
			sourceTree = "<group>";
		};
		F3F0B2A51C95099F00989506 = {
			isa = PBXGroup;
			children = (
				F32FD8FA1C97B42800804053 /* SystemConfiguration.framework */,
				F32FD8F81C97B41A00804053 /* Security.framework */,
				F32FD8F61C97B40500804053 /* CoreTelephony.framework */,
				F32FD8F41C97B3F800804053 /* libstdc++.6.0.9.tbd */,
				F30F7EFF1C97A8B20081A41E /* AVOSCloud.framework */,
				F30F7E921C950C8D0081A41E /* mapapi.bundle */,
				F39F9D0B1C950AD8001B8D69 /* libsqlite3.0.tbd */,
				F39F9D091C950ACD001B8D69 /* OpenGLES.framework */,
				F39F9D071C950AC3001B8D69 /* QuartzCore.framework */,
				F39F9D051C950AB7001B8D69 /* CoreLocation.framework */,
				F3F0B2B01C95099F00989506 /* VehicleInternet */,
				F3F0B2CA1C9509A000989506 /* VehicleInternetTests */,
				F3F0B2D51C9509A000989506 /* VehicleInternetUITests */,
				F3F0B2AF1C95099F00989506 /* Products */,
			);
			sourceTree = "<group>";
		};
		F3F0B2AF1C95099F00989506 /* Products */ = {
			isa = PBXGroup;
			children = (
				F3F0B2AE1C95099F00989506 /* VehicleInternet.app */,
				F3F0B2C71C9509A000989506 /* VehicleInternetTests.xctest */,
				F3F0B2D21C9509A000989506 /* VehicleInternetUITests.xctest */,
			);
			name = Products;
			sourceTree = "<group>";
		};
		F3F0B2B01C95099F00989506 /* VehicleInternet */ = {
			isa = PBXGroup;
			children = (
				F30F7E941C950CE60081A41E /* Classes */,
				F3F0B2E41C9509D300989506 /* Framework */,
				F3F0B2B41C95099F00989506 /* AppDelegate.h */,
				F3F0B2B51C95099F00989506 /* AppDelegate.mm */,
				F3E447F61CB21F93006B62E1 /* 海绵宝宝.jpeg */,
				F3E447FF1CB224F6006B62E1 /* noticeMusic.wav */,
				F3E448001CB224F6006B62E1 /* scanLine@2x.png */,
				F3E448011CB224F6006B62E1 /* scanLine@3x.png */,
				F3E448021CB224F6006B62E1 /* scanscanBg.png */,
				F3F0B2BA1C95099F00989506 /* Main.storyboard */,
				F3F0B2BD1C95099F00989506 /* Assets.xcassets */,
				F3F0B2B11C95099F00989506 /* Supporting Files */,
			);
			path = VehicleInternet;
			sourceTree = "<group>";
		};
		F3F0B2B11C95099F00989506 /* Supporting Files */ = {
			isa = PBXGroup;
			children = (
				F3F0B2BF1C95099F00989506 /* LaunchScreen.storyboard */,
				F3F0B2C21C95099F00989506 /* Info.plist */,
				F3F0B2B21C95099F00989506 /* main.m */,
			);
			name = "Supporting Files";
			sourceTree = "<group>";
		};
		F3F0B2CA1C9509A000989506 /* VehicleInternetTests */ = {
			isa = PBXGroup;
			children = (
				F3F0B2CB1C9509A000989506 /* VehicleInternetTests.m */,
				F3F0B2CD1C9509A000989506 /* Info.plist */,
			);
			path = VehicleInternetTests;
			sourceTree = "<group>";
		};
		F3F0B2D51C9509A000989506 /* VehicleInternetUITests */ = {
			isa = PBXGroup;
			children = (
				F3F0B2D61C9509A000989506 /* VehicleInternetUITests.m */,
				F3F0B2D81C9509A000989506 /* Info.plist */,
			);
			path = VehicleInternetUITests;
			sourceTree = "<group>";
		};
		F3F0B2E41C9509D300989506 /* Framework */ = {
			isa = PBXGroup;
			children = (
				F3F0B2E71C9509ED00989506 /* BaiduMap */,
			);
			path = Framework;
			sourceTree = "<group>";
		};
		F3F0B2E71C9509ED00989506 /* BaiduMap */ = {
			isa = PBXGroup;
			children = (
				F3F0B2E81C9509ED00989506 /* BaiduMapAPI_Base.framework */,
				F3F0B2E91C9509ED00989506 /* BaiduMapAPI_Cloud.framework */,
				F3F0B2EA1C9509ED00989506 /* BaiduMapAPI_Location.framework */,
				F3F0B2EB1C9509ED00989506 /* BaiduMapAPI_Map.framework */,
				F3F0B2EC1C9509ED00989506 /* BaiduMapAPI_Radar.framework */,
				F3F0B2ED1C9509ED00989506 /* BaiduMapAPI_Search.framework */,
				F3F0B2EE1C9509ED00989506 /* BaiduMapAPI_Utils.framework */,
			);
			path = BaiduMap;
			sourceTree = "<group>";
		};
/* End PBXGroup section */

/* Begin PBXNativeTarget section */
		F3F0B2AD1C95099F00989506 /* VehicleInternet */ = {
			isa = PBXNativeTarget;
			buildConfigurationList = F3F0B2DB1C9509A000989506 /* Build configuration list for PBXNativeTarget "VehicleInternet" */;
			buildPhases = (
				F3F0B2AA1C95099F00989506 /* Sources */,
				F3F0B2AB1C95099F00989506 /* Frameworks */,
				F3F0B2AC1C95099F00989506 /* Resources */,
				F30F7EFE1C97A5DF0081A41E /* ShellScript */,
				F32FD8F21C97AA8400804053 /* CopyFiles */,
			);
			buildRules = (
			);
			dependencies = (
			);
			name = VehicleInternet;
			productName = VehicleInternet;
			productReference = F3F0B2AE1C95099F00989506 /* VehicleInternet.app */;
			productType = "com.apple.product-type.application";
		};
		F3F0B2C61C9509A000989506 /* VehicleInternetTests */ = {
			isa = PBXNativeTarget;
			buildConfigurationList = F3F0B2DE1C9509A000989506 /* Build configuration list for PBXNativeTarget "VehicleInternetTests" */;
			buildPhases = (
				F3F0B2C31C9509A000989506 /* Sources */,
				F3F0B2C41C9509A000989506 /* Frameworks */,
				F3F0B2C51C9509A000989506 /* Resources */,
			);
			buildRules = (
			);
			dependencies = (
				F3F0B2C91C9509A000989506 /* PBXTargetDependency */,
			);
			name = VehicleInternetTests;
			productName = VehicleInternetTests;
			productReference = F3F0B2C71C9509A000989506 /* VehicleInternetTests.xctest */;
			productType = "com.apple.product-type.bundle.unit-test";
		};
		F3F0B2D11C9509A000989506 /* VehicleInternetUITests */ = {
			isa = PBXNativeTarget;
			buildConfigurationList = F3F0B2E11C9509A000989506 /* Build configuration list for PBXNativeTarget "VehicleInternetUITests" */;
			buildPhases = (
				F3F0B2CE1C9509A000989506 /* Sources */,
				F3F0B2CF1C9509A000989506 /* Frameworks */,
				F3F0B2D01C9509A000989506 /* Resources */,
			);
			buildRules = (
			);
			dependencies = (
				F3F0B2D41C9509A000989506 /* PBXTargetDependency */,
			);
			name = VehicleInternetUITests;
			productName = VehicleInternetUITests;
			productReference = F3F0B2D21C9509A000989506 /* VehicleInternetUITests.xctest */;
			productType = "com.apple.product-type.bundle.ui-testing";
		};
/* End PBXNativeTarget section */

/* Begin PBXProject section */
		F3F0B2A61C95099F00989506 /* Project object */ = {
			isa = PBXProject;
			attributes = {
				CLASSPREFIX = VI;
				LastUpgradeCheck = 0720;
				ORGANIZATIONNAME = TomorJM;
				TargetAttributes = {
					F3F0B2AD1C95099F00989506 = {
						CreatedOnToolsVersion = 7.2.1;
						DevelopmentTeam = HR25JTF3LT;
						SystemCapabilities = {
							com.apple.BackgroundModes = {
								enabled = 1;
							};
						};
					};
					F3F0B2C61C9509A000989506 = {
						CreatedOnToolsVersion = 7.2.1;
						DevelopmentTeam = HR25JTF3LT;
						TestTargetID = F3F0B2AD1C95099F00989506;
					};
					F3F0B2D11C9509A000989506 = {
						CreatedOnToolsVersion = 7.2.1;
						DevelopmentTeam = HR25JTF3LT;
						TestTargetID = F3F0B2AD1C95099F00989506;
					};
				};
			};
			buildConfigurationList = F3F0B2A91C95099F00989506 /* Build configuration list for PBXProject "VehicleInternet" */;
			compatibilityVersion = "Xcode 3.2";
			developmentRegion = English;
			hasScannedForEncodings = 0;
			knownRegions = (
				en,
				Base,
			);
			mainGroup = F3F0B2A51C95099F00989506;
			productRefGroup = F3F0B2AF1C95099F00989506 /* Products */;
			projectDirPath = "";
			projectRoot = "";
			targets = (
				F3F0B2AD1C95099F00989506 /* VehicleInternet */,
				F3F0B2C61C9509A000989506 /* VehicleInternetTests */,
				F3F0B2D11C9509A000989506 /* VehicleInternetUITests */,
			);
		};
/* End PBXProject section */

/* Begin PBXResourcesBuildPhase section */
		F3F0B2AC1C95099F00989506 /* Resources */ = {
			isa = PBXResourcesBuildPhase;
			buildActionMask = 2147483647;
			files = (
				949013431C9F7F5700253715 /* 你不知道的事.mp3 in Resources */,
				9490133C1C9F7F5700253715 /* playing_slider_play_right@2x.png in Resources */,
				9490133F1C9F7F5700253715 /* wanglihong.jpg in Resources */,
				949013421C9F7F5700253715 /* music.plist in Resources */,
				949013331C9F7F5700253715 /* playing_btn_pause_h@2x.png in Resources */,
				F32FD9291C9A895000804053 /* HomeNavBarCityItem.xib in Resources */,
				F3F0B2C11C95099F00989506 /* LaunchScreen.storyboard in Resources */,
				F3E448051CB224F6006B62E1 /* scanLine@3x.png in Resources */,
				949013351C9F7F5700253715 /* playing_btn_play_h@2x.png in Resources */,
				F3E4480E1CB29321006B62E1 /* JMLogInController.xib in Resources */,
				949013361C9F7F5700253715 /* playing_btn_play_n@2x.png in Resources */,
				F3E448031CB224F6006B62E1 /* noticeMusic.wav in Resources */,
				9490133D1C9F7F5700253715 /* playing_slider_thumb@2x.png in Resources */,
				F30F7E931C950C8D0081A41E /* mapapi.bundle in Resources */,
				F3E447F71CB21F93006B62E1 /* 海绵宝宝.jpeg in Resources */,
				9490133B1C9F7F5700253715 /* playing_slider_play_left@2x.png in Resources */,
				F3F0B2BE1C95099F00989506 /* Assets.xcassets in Resources */,
				949013371C9F7F5700253715 /* playing_btn_pre_h@2x.png in Resources */,
				949013341C9F7F5700253715 /* playing_btn_pause_n@2x.png in Resources */,
				949013411C9F7F5700253715 /* joy.jpg in Resources */,
				949013311C9F7F5700253715 /* playing_btn_next_h@2x.png in Resources */,
				F3E448061CB224F6006B62E1 /* scanscanBg.png in Resources */,
				949013441C9F7F5700253715 /* 你给我听好.mp3 in Resources */,
				F3E448101CB29321006B62E1 /* JMRegisterController.xib in Resources */,
				94CE0D7E1C985EDA0065D966 /* CarInfo.plist in Resources */,
				949013451C9F7F5700253715 /* 安静.mp3 in Resources */,
				949013321C9F7F5700253715 /* playing_btn_next_n@2x.png in Resources */,
				F3E448041CB224F6006B62E1 /* scanLine@2x.png in Resources */,
				949013381C9F7F5700253715 /* playing_btn_pre_n@2x.png in Resources */,
				949013401C9F7F5700253715 /* yanzi.jpg in Resources */,
				F3F0B2BC1C95099F00989506 /* Main.storyboard in Resources */,
				949013231C9F7F5700253715 /* chenyixun.jpg in Resources */,
				F3E447EB1CB16BA6006B62E1 /* VIAppointmentCell.xib in Resources */,
				949013461C9F7F5700253715 /* 遇见.mp3 in Resources */,
			);
			runOnlyForDeploymentPostprocessing = 0;
		};
		F3F0B2C51C9509A000989506 /* Resources */ = {
			isa = PBXResourcesBuildPhase;
			buildActionMask = 2147483647;
			files = (
			);
			runOnlyForDeploymentPostprocessing = 0;
		};
		F3F0B2D01C9509A000989506 /* Resources */ = {
			isa = PBXResourcesBuildPhase;
			buildActionMask = 2147483647;
			files = (
			);
			runOnlyForDeploymentPostprocessing = 0;
		};
/* End PBXResourcesBuildPhase section */

/* Begin PBXShellScriptBuildPhase section */
		F30F7EFE1C97A5DF0081A41E /* ShellScript */ = {
			isa = PBXShellScriptBuildPhase;
			buildActionMask = 8;
			files = (
			);
			inputPaths = (
			);
			outputPaths = (
			);
			runOnlyForDeploymentPostprocessing = 1;
			shellPath = /bin/sh;
			shellScript = "APP_PATH=\"${TARGET_BUILD_DIR}/${WRAPPER_NAME}\"\n\nfind \"$APP_PATH\" -name '*.framework' -type d | while read -r FRAMEWORK; do\nEXTRACTED_ARCHS=()\n\nFRAMEWORK_EXECUTABLE_NAME=$(defaults read \"$FRAMEWORK/Info.plist\" CFBundleExecutable)\nFRAMEWORK_EXECUTABLE_PATH=\"$FRAMEWORK/$FRAMEWORK_EXECUTABLE_NAME\"\n\nfor ARCH in $ARCHS; do\nlipo -extract \"$ARCH\" \"$FRAMEWORK_EXECUTABLE_PATH\" -o \"$FRAMEWORK_EXECUTABLE_PATH-$ARCH\"\nEXTRACTED_ARCHS+=(\"$FRAMEWORK_EXECUTABLE_PATH-$ARCH\")\ndone\n\nlipo -o \"$FRAMEWORK_EXECUTABLE_PATH-merged\" -create \"${EXTRACTED_ARCHS[@]}\"\n\nmv \"$FRAMEWORK_EXECUTABLE_PATH-merged\" \"$FRAMEWORK_EXECUTABLE_PATH\"\nrm \"${EXTRACTED_ARCHS[@]}\"\n\n/usr/bin/codesign -f -s \"${CODE_SIGN_IDENTITY}\" $FRAMEWORK\ndone";
		};
/* End PBXShellScriptBuildPhase section */

/* Begin PBXSourcesBuildPhase section */
		F3F0B2AA1C95099F00989506 /* Sources */ = {
			isa = PBXSourcesBuildPhase;
			buildActionMask = 2147483647;
			files = (
				F3E447EA1CB16BA6006B62E1 /* VIAppointmentCell.m in Sources */,
				F3E4480F1CB29321006B62E1 /* JMRegisterController.m in Sources */,
				F32FD9141C97CA2300804053 /* UIImage+ImageEffects.m in Sources */,
				F3E447E51CB12608006B62E1 /* UUDatePicker_DateModel.m in Sources */,
				94CE0D781C985ED40065D966 /* VIMyCarsController.m in Sources */,
				948C87E41C9FD791006EB17A /* VIMusicListController.m in Sources */,
				F32FD9281C9A895000804053 /* HomeNavBarCityItem.m in Sources */,
				94EF6E1F1CA3918700082474 /* VIHomeMapController.mm in Sources */,
				F32FD9331C9C108100804053 /* VIMapPoiSearch.m in Sources */,
				F3E447EE1CB20F8C006B62E1 /* VIEwmController.m in Sources */,
				94CE0D7A1C985ED40065D966 /* VIPersonalController.m in Sources */,
				F32FD9361C9C1E3C00804053 /* VISearchSiteTextField.m in Sources */,
				94CE0D7F1C985EDA0065D966 /* VICarInfoModel.m in Sources */,
				F3DA65461CA373CE00E26AE4 /* VIAppointmentModel.m in Sources */,
				F3E447FA1CB222E2006B62E1 /* VIEwmScanController.m in Sources */,
				948C87E11C9FD1D5006EB17A /* VIMusicModel.m in Sources */,
				F32FD9161C97CA2300804053 /* UIView+JMTool.m in Sources */,
				949012211C9F7C0200253715 /* VIMusicPlayerController.m in Sources */,
				F3E447FE1CB22357006B62E1 /* SHBQRView.m in Sources */,
				F3E448131CB29387006B62E1 /* VIUserModel.m in Sources */,
				F3859E7C1CA58A8B0054D309 /* VIAppointmentController.m in Sources */,
				F3859E7F1CA58E140054D309 /* VIAppointmentComposeController.m in Sources */,
				F3E447E41CB12608006B62E1 /* UUDatePicker.m in Sources */,
				F3F0B2B61C95099F00989506 /* AppDelegate.mm in Sources */,
				F3E4480D1CB29321006B62E1 /* JMLogInController.m in Sources */,
				F3E447F51CB21F46006B62E1 /* UIImage+QRCode.m in Sources */,
				F32FD9151C97CA2300804053 /* UIView+JMPosition.m in Sources */,
				F32FD9241C97F70900804053 /* LQXSwitch.m in Sources */,
				94CE0D791C985ED40065D966 /* VIPeccancyInfotmation.m in Sources */,
				F3F0B2B31C95099F00989506 /* main.m in Sources */,
			);
			runOnlyForDeploymentPostprocessing = 0;
		};
		F3F0B2C31C9509A000989506 /* Sources */ = {
			isa = PBXSourcesBuildPhase;
			buildActionMask = 2147483647;
			files = (
				F3F0B2CC1C9509A000989506 /* VehicleInternetTests.m in Sources */,
			);
			runOnlyForDeploymentPostprocessing = 0;
		};
		F3F0B2CE1C9509A000989506 /* Sources */ = {
			isa = PBXSourcesBuildPhase;
			buildActionMask = 2147483647;
			files = (
				F3F0B2D71C9509A000989506 /* VehicleInternetUITests.m in Sources */,
			);
			runOnlyForDeploymentPostprocessing = 0;
		};
/* End PBXSourcesBuildPhase section */

/* Begin PBXTargetDependency section */
		F3F0B2C91C9509A000989506 /* PBXTargetDependency */ = {
			isa = PBXTargetDependency;
			target = F3F0B2AD1C95099F00989506 /* VehicleInternet */;
			targetProxy = F3F0B2C81C9509A000989506 /* PBXContainerItemProxy */;
		};
		F3F0B2D41C9509A000989506 /* PBXTargetDependency */ = {
			isa = PBXTargetDependency;
			target = F3F0B2AD1C95099F00989506 /* VehicleInternet */;
			targetProxy = F3F0B2D31C9509A000989506 /* PBXContainerItemProxy */;
		};
/* End PBXTargetDependency section */

/* Begin PBXVariantGroup section */
		F3F0B2BA1C95099F00989506 /* Main.storyboard */ = {
			isa = PBXVariantGroup;
			children = (
				F3F0B2BB1C95099F00989506 /* Base */,
			);
			name = Main.storyboard;
			sourceTree = "<group>";
		};
		F3F0B2BF1C95099F00989506 /* LaunchScreen.storyboard */ = {
			isa = PBXVariantGroup;
			children = (
				F3F0B2C01C95099F00989506 /* Base */,
			);
			name = LaunchScreen.storyboard;
			sourceTree = "<group>";
		};
/* End PBXVariantGroup section */

/* Begin XCBuildConfiguration section */
		F3F0B2D91C9509A000989506 /* Debug */ = {
			isa = XCBuildConfiguration;
			buildSettings = {
				ALWAYS_SEARCH_USER_PATHS = NO;
				CLANG_CXX_LANGUAGE_STANDARD = "gnu++0x";
				CLANG_CXX_LIBRARY = "libc++";
				CLANG_ENABLE_MODULES = YES;
				CLANG_ENABLE_OBJC_ARC = YES;
				CLANG_WARN_BOOL_CONVERSION = YES;
				CLANG_WARN_CONSTANT_CONVERSION = YES;
				CLANG_WARN_DIRECT_OBJC_ISA_USAGE = YES_ERROR;
				CLANG_WARN_EMPTY_BODY = YES;
				CLANG_WARN_ENUM_CONVERSION = YES;
				CLANG_WARN_INT_CONVERSION = YES;
				CLANG_WARN_OBJC_ROOT_CLASS = YES_ERROR;
				CLANG_WARN_UNREACHABLE_CODE = YES;
				CLANG_WARN__DUPLICATE_METHOD_MATCH = YES;
				CODE_SIGN_IDENTITY = "iPhone Developer: 634406300@qq.com (35SE4HPS8N)";
				"CODE_SIGN_IDENTITY[sdk=iphoneos*]" = "iPhone Developer: 634406300@qq.com (35SE4HPS8N)";
				COPY_PHASE_STRIP = NO;
				DEBUG_INFORMATION_FORMAT = dwarf;
				ENABLE_STRICT_OBJC_MSGSEND = YES;
				ENABLE_TESTABILITY = YES;
				GCC_C_LANGUAGE_STANDARD = gnu99;
				GCC_DYNAMIC_NO_PIC = NO;
				GCC_NO_COMMON_BLOCKS = YES;
				GCC_OPTIMIZATION_LEVEL = 0;
				GCC_PREPROCESSOR_DEFINITIONS = (
					"DEBUG=1",
					"$(inherited)",
				);
				GCC_WARN_64_TO_32_BIT_CONVERSION = YES;
				GCC_WARN_ABOUT_RETURN_TYPE = YES_ERROR;
				GCC_WARN_UNDECLARED_SELECTOR = YES;
				GCC_WARN_UNINITIALIZED_AUTOS = YES_AGGRESSIVE;
				GCC_WARN_UNUSED_FUNCTION = YES;
				GCC_WARN_UNUSED_VARIABLE = YES;
				IPHONEOS_DEPLOYMENT_TARGET = 9.2;
				MTL_ENABLE_DEBUG_INFO = YES;
				ONLY_ACTIVE_ARCH = YES;
				SDKROOT = iphoneos;
			};
			name = Debug;
		};
		F3F0B2DA1C9509A000989506 /* Release */ = {
			isa = XCBuildConfiguration;
			buildSettings = {
				ALWAYS_SEARCH_USER_PATHS = NO;
				CLANG_CXX_LANGUAGE_STANDARD = "gnu++0x";
				CLANG_CXX_LIBRARY = "libc++";
				CLANG_ENABLE_MODULES = YES;
				CLANG_ENABLE_OBJC_ARC = YES;
				CLANG_WARN_BOOL_CONVERSION = YES;
				CLANG_WARN_CONSTANT_CONVERSION = YES;
				CLANG_WARN_DIRECT_OBJC_ISA_USAGE = YES_ERROR;
				CLANG_WARN_EMPTY_BODY = YES;
				CLANG_WARN_ENUM_CONVERSION = YES;
				CLANG_WARN_INT_CONVERSION = YES;
				CLANG_WARN_OBJC_ROOT_CLASS = YES_ERROR;
				CLANG_WARN_UNREACHABLE_CODE = YES;
				CLANG_WARN__DUPLICATE_METHOD_MATCH = YES;
				CODE_SIGN_IDENTITY = "iPhone Developer: 634406300@qq.com (35SE4HPS8N)";
				"CODE_SIGN_IDENTITY[sdk=iphoneos*]" = "iPhone Developer: 634406300@qq.com (35SE4HPS8N)";
				COPY_PHASE_STRIP = NO;
				DEBUG_INFORMATION_FORMAT = "dwarf-with-dsym";
				ENABLE_NS_ASSERTIONS = NO;
				ENABLE_STRICT_OBJC_MSGSEND = YES;
				GCC_C_LANGUAGE_STANDARD = gnu99;
				GCC_NO_COMMON_BLOCKS = YES;
				GCC_WARN_64_TO_32_BIT_CONVERSION = YES;
				GCC_WARN_ABOUT_RETURN_TYPE = YES_ERROR;
				GCC_WARN_UNDECLARED_SELECTOR = YES;
				GCC_WARN_UNINITIALIZED_AUTOS = YES_AGGRESSIVE;
				GCC_WARN_UNUSED_FUNCTION = YES;
				GCC_WARN_UNUSED_VARIABLE = YES;
				IPHONEOS_DEPLOYMENT_TARGET = 9.2;
				MTL_ENABLE_DEBUG_INFO = NO;
				SDKROOT = iphoneos;
				VALIDATE_PRODUCT = YES;
			};
			name = Release;
		};
		F3F0B2DC1C9509A000989506 /* Debug */ = {
			isa = XCBuildConfiguration;
			buildSettings = {
				ASSETCATALOG_COMPILER_APPICON_NAME = AppIcon;
				CODE_SIGN_IDENTITY = "iPhone Developer";
				"CODE_SIGN_IDENTITY[sdk=iphoneos*]" = "iPhone Developer";
				FRAMEWORK_SEARCH_PATHS = (
					"$(inherited)",
					"$(PROJECT_DIR)/VehicleInternet/Framework/AVOSCloud",
					"$(PROJECT_DIR)/VehicleInternet/Framework/BaiduMap",
					"$(PROJECT_DIR)/VehicleInternet",
				);
				GCC_PREFIX_HEADER = "$(SRCROOT)/VehicleInternet/Classes/Common/Other/VehicleInternet.pch";
				INFOPLIST_FILE = VehicleInternet/Info.plist;
				IPHONEOS_DEPLOYMENT_TARGET = 9.1;
				LD_RUNPATH_SEARCH_PATHS = "$(inherited) @executable_path/Frameworks";
				PRODUCT_BUNDLE_IDENTIFIER = tomorrow.VehicleInternet1;
				PRODUCT_NAME = "$(TARGET_NAME)";
				PROVISIONING_PROFILE = "";
			};
			name = Debug;
		};
		F3F0B2DD1C9509A000989506 /* Release */ = {
			isa = XCBuildConfiguration;
			buildSettings = {
				ASSETCATALOG_COMPILER_APPICON_NAME = AppIcon;
				CODE_SIGN_IDENTITY = "iPhone Developer";
				"CODE_SIGN_IDENTITY[sdk=iphoneos*]" = "iPhone Developer";
				FRAMEWORK_SEARCH_PATHS = (
					"$(inherited)",
					"$(PROJECT_DIR)/VehicleInternet/Framework/AVOSCloud",
					"$(PROJECT_DIR)/VehicleInternet/Framework/BaiduMap",
					"$(PROJECT_DIR)/VehicleInternet",
				);
				GCC_PREFIX_HEADER = "$(SRCROOT)/VehicleInternet/Classes/Common/Other/VehicleInternet.pch";
				INFOPLIST_FILE = VehicleInternet/Info.plist;
				IPHONEOS_DEPLOYMENT_TARGET = 9.1;
				LD_RUNPATH_SEARCH_PATHS = "$(inherited) @executable_path/Frameworks";
				PRODUCT_BUNDLE_IDENTIFIER = tomorrow.VehicleInternet1;
				PRODUCT_NAME = "$(TARGET_NAME)";
				PROVISIONING_PROFILE = "";
			};
			name = Release;
		};
		F3F0B2DF1C9509A000989506 /* Debug */ = {
			isa = XCBuildConfiguration;
			buildSettings = {
				BUNDLE_LOADER = "$(TEST_HOST)";
				INFOPLIST_FILE = VehicleInternetTests/Info.plist;
				LD_RUNPATH_SEARCH_PATHS = "$(inherited) @executable_path/Frameworks @loader_path/Frameworks";
				PRODUCT_BUNDLE_IDENTIFIER = tomorrow.VehicleInternetTests;
				PRODUCT_NAME = "$(TARGET_NAME)";
				TEST_HOST = "$(BUILT_PRODUCTS_DIR)/VehicleInternet.app/VehicleInternet";
			};
			name = Debug;
		};
		F3F0B2E01C9509A000989506 /* Release */ = {
			isa = XCBuildConfiguration;
			buildSettings = {
				BUNDLE_LOADER = "$(TEST_HOST)";
				INFOPLIST_FILE = VehicleInternetTests/Info.plist;
				LD_RUNPATH_SEARCH_PATHS = "$(inherited) @executable_path/Frameworks @loader_path/Frameworks";
				PRODUCT_BUNDLE_IDENTIFIER = tomorrow.VehicleInternetTests;
				PRODUCT_NAME = "$(TARGET_NAME)";
				TEST_HOST = "$(BUILT_PRODUCTS_DIR)/VehicleInternet.app/VehicleInternet";
			};
			name = Release;
		};
		F3F0B2E21C9509A000989506 /* Debug */ = {
			isa = XCBuildConfiguration;
			buildSettings = {
				INFOPLIST_FILE = VehicleInternetUITests/Info.plist;
				LD_RUNPATH_SEARCH_PATHS = "$(inherited) @executable_path/Frameworks @loader_path/Frameworks";
				PRODUCT_BUNDLE_IDENTIFIER = tomorrow.VehicleInternetUITests;
				PRODUCT_NAME = "$(TARGET_NAME)";
				TEST_TARGET_NAME = VehicleInternet;
				USES_XCTRUNNER = YES;
			};
			name = Debug;
		};
		F3F0B2E31C9509A000989506 /* Release */ = {
			isa = XCBuildConfiguration;
			buildSettings = {
				INFOPLIST_FILE = VehicleInternetUITests/Info.plist;
				LD_RUNPATH_SEARCH_PATHS = "$(inherited) @executable_path/Frameworks @loader_path/Frameworks";
				PRODUCT_BUNDLE_IDENTIFIER = tomorrow.VehicleInternetUITests;
				PRODUCT_NAME = "$(TARGET_NAME)";
				TEST_TARGET_NAME = VehicleInternet;
				USES_XCTRUNNER = YES;
			};
			name = Release;
		};
/* End XCBuildConfiguration section */

/* Begin XCConfigurationList section */
		F3F0B2A91C95099F00989506 /* Build configuration list for PBXProject "VehicleInternet" */ = {
			isa = XCConfigurationList;
			buildConfigurations = (
				F3F0B2D91C9509A000989506 /* Debug */,
				F3F0B2DA1C9509A000989506 /* Release */,
			);
			defaultConfigurationIsVisible = 0;
			defaultConfigurationName = Release;
		};
		F3F0B2DB1C9509A000989506 /* Build configuration list for PBXNativeTarget "VehicleInternet" */ = {
			isa = XCConfigurationList;
			buildConfigurations = (
				F3F0B2DC1C9509A000989506 /* Debug */,
				F3F0B2DD1C9509A000989506 /* Release */,
			);
			defaultConfigurationIsVisible = 0;
			defaultConfigurationName = Release;
		};
		F3F0B2DE1C9509A000989506 /* Build configuration list for PBXNativeTarget "VehicleInternetTests" */ = {
			isa = XCConfigurationList;
			buildConfigurations = (
				F3F0B2DF1C9509A000989506 /* Debug */,
				F3F0B2E01C9509A000989506 /* Release */,
			);
			defaultConfigurationIsVisible = 0;
			defaultConfigurationName = Release;
		};
		F3F0B2E11C9509A000989506 /* Build configuration list for PBXNativeTarget "VehicleInternetUITests" */ = {
			isa = XCConfigurationList;
			buildConfigurations = (
				F3F0B2E21C9509A000989506 /* Debug */,
				F3F0B2E31C9509A000989506 /* Release */,
			);
			defaultConfigurationIsVisible = 0;
			defaultConfigurationName = Release;
		};
/* End XCConfigurationList section */
	};
	rootObject = F3F0B2A61C95099F00989506 /* Project object */;
}
